
Microsoft Visual Studio Solution File, Format Version 12.00
# Visual Studio Version 17
VisualStudioVersion = 17.0.32014.148
MinimumVisualStudioVersion = 10.0.40219.1
Project("{FAE04EC0-301F-11D3-BF4B-00C04F79EFBC}") = "MethodsWithLoopsAndConditionals", "MethodsWithLoopsAndConditionals\MethodsWithLoopsAndConditionals.csproj", "{D7FBBF2D-5BD2-432F-A3E1-26AF98A15041}"
EndProject
Global
	GlobalSection(SolutionConfigurationPlatforms) = preSolution
		Debug|Any CPU = Debug|Any CPU
		Release|Any CPU = Release|Any CPU
	EndGlobalSection
	GlobalSection(ProjectConfigurationPlatforms) = postSolution
		{D7FBBF2D-5BD2-432F-A3E1-26AF98A15041}.Debug|Any CPU.ActiveCfg = Debug|Any CPU
		{D7FBBF2D-5BD2-432F-A3E1-26AF98A15041}.Debug|Any CPU.Build.0 = Debug|Any CPU
		{D7FBBF2D-5BD2-432F-A3E1-26AF98A15041}.Release|Any CPU.ActiveCfg = Release|Any CPU
		{D7FBBF2D-5BD2-432F-A3E1-26AF98A15041}.Release|Any CPU.Build.0 = Release|Any CPU
	EndGlobalSection
	GlobalSection(SolutionProperties) = preSolution
		HideSolutionNode = FALSE
	EndGlobalSection
	GlobalSection(ExtensibilityGlobals) = postSolution
		SolutionGuid = {652FD6EA-0ED2-4070-BC47-F68A6554A996}
	EndGlobalSection
EndGlobal
